// !$*UTF8*$!
{
	archiveVersion = 1;
	classes = {
	};
	objectVersion = 56;
	objects = {

/* Begin PBXBuildFile section */
		CB9B90212AA0983B000C7A05 /* UIIMageView+Ext.swift in Sources */ = {isa = PBXBuildFile; fileRef = CB9B90202AA0983B000C7A05 /* UIIMageView+Ext.swift */; };
		CB9B90232AA0DF64000C7A05 /* Reachability.swift in Sources */ = {isa = PBXBuildFile; fileRef = CB9B90222AA0DF64000C7A05 /* Reachability.swift */; };
		CB9B902A2AA0E385000C7A05 /* MainCellVM.swift in Sources */ = {isa = PBXBuildFile; fileRef = CB9B90282AA0E385000C7A05 /* MainCellVM.swift */; };
		CB9B902B2AA0E385000C7A05 /* MainVM.swift in Sources */ = {isa = PBXBuildFile; fileRef = CB9B90292AA0E385000C7A05 /* MainVM.swift */; };
		CB9B902E2AA0E39D000C7A05 /* MainVC.swift in Sources */ = {isa = PBXBuildFile; fileRef = CB9B902C2AA0E39D000C7A05 /* MainVC.swift */; };
		CB9B902F2AA0E39D000C7A05 /* MainCell.swift in Sources */ = {isa = PBXBuildFile; fileRef = CB9B902D2AA0E39D000C7A05 /* MainCell.swift */; };
		CB9B90322AA0E3CB000C7A05 /* DetailVC.swift in Sources */ = {isa = PBXBuildFile; fileRef = CB9B90312AA0E3CB000C7A05 /* DetailVC.swift */; };
		CB9B90342AA0E3D6000C7A05 /* DetailVM.swift in Sources */ = {isa = PBXBuildFile; fileRef = CB9B90332AA0E3D6000C7A05 /* DetailVM.swift */; };
		CBC010662A9F8A9B00DA9CC8 /* AppDelegate.swift in Sources */ = {isa = PBXBuildFile; fileRef = CBC010652A9F8A9B00DA9CC8 /* AppDelegate.swift */; };
		CBC010682A9F8A9C00DA9CC8 /* SceneDelegate.swift in Sources */ = {isa = PBXBuildFile; fileRef = CBC010672A9F8A9C00DA9CC8 /* SceneDelegate.swift */; };
		CBC0106D2A9F8A9C00DA9CC8 /* Main.storyboard in Resources */ = {isa = PBXBuildFile; fileRef = CBC0106B2A9F8A9C00DA9CC8 /* Main.storyboard */; };
		CBC0106F2A9F8A9E00DA9CC8 /* Assets.xcassets in Resources */ = {isa = PBXBuildFile; fileRef = CBC0106E2A9F8A9E00DA9CC8 /* Assets.xcassets */; };
		CBC010722A9F8A9E00DA9CC8 /* LaunchScreen.storyboard in Resources */ = {isa = PBXBuildFile; fileRef = CBC010702A9F8A9E00DA9CC8 /* LaunchScreen.storyboard */; };
		CBC0107D2A9F8A9F00DA9CC8 /* TMDBTests.swift in Sources */ = {isa = PBXBuildFile; fileRef = CBC0107C2A9F8A9F00DA9CC8 /* TMDBTests.swift */; };
		CBC010872A9F8A9F00DA9CC8 /* TMDBUITests.swift in Sources */ = {isa = PBXBuildFile; fileRef = CBC010862A9F8A9F00DA9CC8 /* TMDBUITests.swift */; };
		CBC010892A9F8A9F00DA9CC8 /* TMDBUITestsLaunchTests.swift in Sources */ = {isa = PBXBuildFile; fileRef = CBC010882A9F8A9F00DA9CC8 /* TMDBUITestsLaunchTests.swift */; };
		CBC010972A9F8DB700DA9CC8 /* ApiService.swift in Sources */ = {isa = PBXBuildFile; fileRef = CBC010962A9F8DB700DA9CC8 /* ApiService.swift */; };
		CBC010992A9F8E7800DA9CC8 /* ApiResponseModels.swift in Sources */ = {isa = PBXBuildFile; fileRef = CBC010982A9F8E7800DA9CC8 /* ApiResponseModels.swift */; };
		CBC0109B2A9F902600DA9CC8 /* ApiUtilities.swift in Sources */ = {isa = PBXBuildFile; fileRef = CBC0109A2A9F902600DA9CC8 /* ApiUtilities.swift */; };
		CBC0109E2A9F906000DA9CC8 /* Constants.swift in Sources */ = {isa = PBXBuildFile; fileRef = CBC0109D2A9F906000DA9CC8 /* Constants.swift */; };
		CBC010A12A9F9B4800DA9CC8 /* Dictionary+Ext.swift in Sources */ = {isa = PBXBuildFile; fileRef = CBC010A02A9F9B4800DA9CC8 /* Dictionary+Ext.swift */; };
/* End PBXBuildFile section */

/* Begin PBXContainerItemProxy section */
		CBC010792A9F8A9F00DA9CC8 /* PBXContainerItemProxy */ = {
			isa = PBXContainerItemProxy;
			containerPortal = CBC0105A2A9F8A9B00DA9CC8 /* Project object */;
			proxyType = 1;
			remoteGlobalIDString = CBC010612A9F8A9B00DA9CC8;
			remoteInfo = TMDB;
		};
		CBC010832A9F8A9F00DA9CC8 /* PBXContainerItemProxy */ = {
			isa = PBXContainerItemProxy;
			containerPortal = CBC0105A2A9F8A9B00DA9CC8 /* Project object */;
			proxyType = 1;
			remoteGlobalIDString = CBC010612A9F8A9B00DA9CC8;
			remoteInfo = TMDB;
		};
/* End PBXContainerItemProxy section */

/* Begin PBXFileReference section */
		CB9B90202AA0983B000C7A05 /* UIIMageView+Ext.swift */ = {isa = PBXFileReference; lastKnownFileType = sourcecode.swift; path = "UIIMageView+Ext.swift"; sourceTree = "<group>"; };
		CB9B90222AA0DF64000C7A05 /* Reachability.swift */ = {isa = PBXFileReference; lastKnownFileType = sourcecode.swift; path = Reachability.swift; sourceTree = "<group>"; };
		CB9B90282AA0E385000C7A05 /* MainCellVM.swift */ = {isa = PBXFileReference; fileEncoding = 4; lastKnownFileType = sourcecode.swift; name = MainCellVM.swift; path = TMDB/Screens/Main/MainCellVM.swift; sourceTree = SOURCE_ROOT; };
		CB9B90292AA0E385000C7A05 /* MainVM.swift */ = {isa = PBXFileReference; fileEncoding = 4; lastKnownFileType = sourcecode.swift; name = MainVM.swift; path = TMDB/Screens/Main/MainVM.swift; sourceTree = SOURCE_ROOT; };
		CB9B902C2AA0E39D000C7A05 /* MainVC.swift */ = {isa = PBXFileReference; fileEncoding = 4; lastKnownFileType = sourcecode.swift; name = MainVC.swift; path = Main/MainVC.swift; sourceTree = "<group>"; };
		CB9B902D2AA0E39D000C7A05 /* MainCell.swift */ = {isa = PBXFileReference; fileEncoding = 4; lastKnownFileType = sourcecode.swift; name = MainCell.swift; path = Main/MainCell.swift; sourceTree = "<group>"; };
		CB9B90312AA0E3CB000C7A05 /* DetailVC.swift */ = {isa = PBXFileReference; lastKnownFileType = sourcecode.swift; path = DetailVC.swift; sourceTree = "<group>"; };
		CB9B90332AA0E3D6000C7A05 /* DetailVM.swift */ = {isa = PBXFileReference; lastKnownFileType = sourcecode.swift; path = DetailVM.swift; sourceTree = "<group>"; };
		CBC010622A9F8A9B00DA9CC8 /* TMDB.app */ = {isa = PBXFileReference; explicitFileType = wrapper.application; includeInIndex = 0; path = TMDB.app; sourceTree = BUILT_PRODUCTS_DIR; };
		CBC010652A9F8A9B00DA9CC8 /* AppDelegate.swift */ = {isa = PBXFileReference; lastKnownFileType = sourcecode.swift; path = AppDelegate.swift; sourceTree = "<group>"; };
		CBC010672A9F8A9C00DA9CC8 /* SceneDelegate.swift */ = {isa = PBXFileReference; lastKnownFileType = sourcecode.swift; path = SceneDelegate.swift; sourceTree = "<group>"; };
		CBC0106C2A9F8A9C00DA9CC8 /* Base */ = {isa = PBXFileReference; lastKnownFileType = file.storyboard; name = Base; path = Base.lproj/Main.storyboard; sourceTree = "<group>"; };
		CBC0106E2A9F8A9E00DA9CC8 /* Assets.xcassets */ = {isa = PBXFileReference; lastKnownFileType = folder.assetcatalog; path = Assets.xcassets; sourceTree = "<group>"; };
		CBC010712A9F8A9E00DA9CC8 /* Base */ = {isa = PBXFileReference; lastKnownFileType = file.storyboard; name = Base; path = Base.lproj/LaunchScreen.storyboard; sourceTree = "<group>"; };
		CBC010732A9F8A9E00DA9CC8 /* Info.plist */ = {isa = PBXFileReference; lastKnownFileType = text.plist.xml; path = Info.plist; sourceTree = "<group>"; };
		CBC010782A9F8A9F00DA9CC8 /* TMDBTests.xctest */ = {isa = PBXFileReference; explicitFileType = wrapper.cfbundle; includeInIndex = 0; path = TMDBTests.xctest; sourceTree = BUILT_PRODUCTS_DIR; };
		CBC0107C2A9F8A9F00DA9CC8 /* TMDBTests.swift */ = {isa = PBXFileReference; lastKnownFileType = sourcecode.swift; path = TMDBTests.swift; sourceTree = "<group>"; };
		CBC010822A9F8A9F00DA9CC8 /* TMDBUITests.xctest */ = {isa = PBXFileReference; explicitFileType = wrapper.cfbundle; includeInIndex = 0; path = TMDBUITests.xctest; sourceTree = BUILT_PRODUCTS_DIR; };
		CBC010862A9F8A9F00DA9CC8 /* TMDBUITests.swift */ = {isa = PBXFileReference; lastKnownFileType = sourcecode.swift; path = TMDBUITests.swift; sourceTree = "<group>"; };
		CBC010882A9F8A9F00DA9CC8 /* TMDBUITestsLaunchTests.swift */ = {isa = PBXFileReference; lastKnownFileType = sourcecode.swift; path = TMDBUITestsLaunchTests.swift; sourceTree = "<group>"; };
		CBC010962A9F8DB700DA9CC8 /* ApiService.swift */ = {isa = PBXFileReference; lastKnownFileType = sourcecode.swift; path = ApiService.swift; sourceTree = "<group>"; };
		CBC010982A9F8E7800DA9CC8 /* ApiResponseModels.swift */ = {isa = PBXFileReference; lastKnownFileType = sourcecode.swift; path = ApiResponseModels.swift; sourceTree = "<group>"; };
		CBC0109A2A9F902600DA9CC8 /* ApiUtilities.swift */ = {isa = PBXFileReference; lastKnownFileType = sourcecode.swift; path = ApiUtilities.swift; sourceTree = "<group>"; };
		CBC0109D2A9F906000DA9CC8 /* Constants.swift */ = {isa = PBXFileReference; lastKnownFileType = sourcecode.swift; path = Constants.swift; sourceTree = "<group>"; };
		CBC010A02A9F9B4800DA9CC8 /* Dictionary+Ext.swift */ = {isa = PBXFileReference; lastKnownFileType = sourcecode.swift; path = "Dictionary+Ext.swift"; sourceTree = "<group>"; };
/* End PBXFileReference section */

/* Begin PBXFrameworksBuildPhase section */
		CBC0105F2A9F8A9B00DA9CC8 /* Frameworks */ = {
			isa = PBXFrameworksBuildPhase;
			buildActionMask = 2147483647;
			files = (
			);
			runOnlyForDeploymentPostprocessing = 0;
		};
		CBC010752A9F8A9F00DA9CC8 /* Frameworks */ = {
			isa = PBXFrameworksBuildPhase;
			buildActionMask = 2147483647;
			files = (
			);
			runOnlyForDeploymentPostprocessing = 0;
		};
		CBC0107F2A9F8A9F00DA9CC8 /* Frameworks */ = {
			isa = PBXFrameworksBuildPhase;
			buildActionMask = 2147483647;
			files = (
			);
			runOnlyForDeploymentPostprocessing = 0;
		};
/* End PBXFrameworksBuildPhase section */

/* Begin PBXGroup section */
		CB9B90172AA0801A000C7A05 /* Screens */ = {
			isa = PBXGroup;
			children = (
				CB9B90252AA0E2CC000C7A05 /* Detail */,
				CB9B90242AA0E2BA000C7A05 /* Main */,
			);
			path = Screens;
			sourceTree = "<group>";
		};
		CB9B901C2AA09696000C7A05 /* Views */ = {
			isa = PBXGroup;
			children = (
				CB9B902D2AA0E39D000C7A05 /* MainCell.swift */,
				CB9B902C2AA0E39D000C7A05 /* MainVC.swift */,
			);
			name = Views;
			path = ..;
			sourceTree = "<group>";
		};
		CB9B901D2AA0973B000C7A05 /* ViewModels */ = {
			isa = PBXGroup;
			children = (
				CB9B90282AA0E385000C7A05 /* MainCellVM.swift */,
				CB9B90292AA0E385000C7A05 /* MainVM.swift */,
			);
			path = ViewModels;
			sourceTree = "<group>";
		};
		CB9B90242AA0E2BA000C7A05 /* Main */ = {
			isa = PBXGroup;
			children = (
				CB9B901D2AA0973B000C7A05 /* ViewModels */,
				CB9B901C2AA09696000C7A05 /* Views */,
			);
			path = Main;
			sourceTree = "<group>";
		};
		CB9B90252AA0E2CC000C7A05 /* Detail */ = {
			isa = PBXGroup;
			children = (
				CB9B90302AA0E3B1000C7A05 /* ViewModels */,
				CB9B90262AA0E2E4000C7A05 /* Views */,
			);
			path = Detail;
			sourceTree = "<group>";
		};
		CB9B90262AA0E2E4000C7A05 /* Views */ = {
			isa = PBXGroup;
			children = (
				CB9B90312AA0E3CB000C7A05 /* DetailVC.swift */,
			);
			name = Views;
			sourceTree = "<group>";
		};
		CB9B90302AA0E3B1000C7A05 /* ViewModels */ = {
			isa = PBXGroup;
			children = (
				CB9B90332AA0E3D6000C7A05 /* DetailVM.swift */,
			);
			name = ViewModels;
			sourceTree = "<group>";
		};
		CBC010592A9F8A9B00DA9CC8 = {
			isa = PBXGroup;
			children = (
				CBC010642A9F8A9B00DA9CC8 /* TMDB */,
				CBC0107B2A9F8A9F00DA9CC8 /* TMDBTests */,
				CBC010852A9F8A9F00DA9CC8 /* TMDBUITests */,
				CBC010632A9F8A9B00DA9CC8 /* Products */,
			);
			sourceTree = "<group>";
		};
		CBC010632A9F8A9B00DA9CC8 /* Products */ = {
			isa = PBXGroup;
			children = (
				CBC010622A9F8A9B00DA9CC8 /* TMDB.app */,
				CBC010782A9F8A9F00DA9CC8 /* TMDBTests.xctest */,
				CBC010822A9F8A9F00DA9CC8 /* TMDBUITests.xctest */,
			);
			name = Products;
			sourceTree = "<group>";
		};
		CBC010642A9F8A9B00DA9CC8 /* TMDB */ = {
			isa = PBXGroup;
			children = (
				CB9B90172AA0801A000C7A05 /* Screens */,
				CBC0109F2A9F9B3A00DA9CC8 /* Extensions */,
				CBC0109C2A9F905600DA9CC8 /* Common */,
				CBC010952A9F8D9E00DA9CC8 /* ApiService */,
				CBC010652A9F8A9B00DA9CC8 /* AppDelegate.swift */,
				CBC010672A9F8A9C00DA9CC8 /* SceneDelegate.swift */,
				CBC0106B2A9F8A9C00DA9CC8 /* Main.storyboard */,
				CBC0106E2A9F8A9E00DA9CC8 /* Assets.xcassets */,
				CBC010702A9F8A9E00DA9CC8 /* LaunchScreen.storyboard */,
				CBC010732A9F8A9E00DA9CC8 /* Info.plist */,
			);
			path = TMDB;
			sourceTree = "<group>";
		};
		CBC0107B2A9F8A9F00DA9CC8 /* TMDBTests */ = {
			isa = PBXGroup;
			children = (
				CBC0107C2A9F8A9F00DA9CC8 /* TMDBTests.swift */,
			);
			path = TMDBTests;
			sourceTree = "<group>";
		};
		CBC010852A9F8A9F00DA9CC8 /* TMDBUITests */ = {
			isa = PBXGroup;
			children = (
				CBC010862A9F8A9F00DA9CC8 /* TMDBUITests.swift */,
				CBC010882A9F8A9F00DA9CC8 /* TMDBUITestsLaunchTests.swift */,
			);
			path = TMDBUITests;
			sourceTree = "<group>";
		};
		CBC010952A9F8D9E00DA9CC8 /* ApiService */ = {
			isa = PBXGroup;
			children = (
				CBC010962A9F8DB700DA9CC8 /* ApiService.swift */,
				CBC010982A9F8E7800DA9CC8 /* ApiResponseModels.swift */,
				CBC0109A2A9F902600DA9CC8 /* ApiUtilities.swift */,
				CB9B90222AA0DF64000C7A05 /* Reachability.swift */,
			);
			path = ApiService;
			sourceTree = "<group>";
		};
		CBC0109C2A9F905600DA9CC8 /* Common */ = {
			isa = PBXGroup;
			children = (
				CBC0109D2A9F906000DA9CC8 /* Constants.swift */,
			);
			path = Common;
			sourceTree = "<group>";
		};
		CBC0109F2A9F9B3A00DA9CC8 /* Extensions */ = {
			isa = PBXGroup;
			children = (
				CBC010A02A9F9B4800DA9CC8 /* Dictionary+Ext.swift */,
				CB9B90202AA0983B000C7A05 /* UIIMageView+Ext.swift */,
			);
			path = Extensions;
			sourceTree = "<group>";
		};
/* End PBXGroup section */

/* Begin PBXNativeTarget section */
		CBC010612A9F8A9B00DA9CC8 /* TMDB */ = {
			isa = PBXNativeTarget;
			buildConfigurationList = CBC0108C2A9F8A9F00DA9CC8 /* Build configuration list for PBXNativeTarget "TMDB" */;
			buildPhases = (
				CBC0105E2A9F8A9B00DA9CC8 /* Sources */,
				CBC0105F2A9F8A9B00DA9CC8 /* Frameworks */,
				CBC010602A9F8A9B00DA9CC8 /* Resources */,
			);
			buildRules = (
			);
			dependencies = (
			);
			name = TMDB;
			productName = TMDB;
			productReference = CBC010622A9F8A9B00DA9CC8 /* TMDB.app */;
			productType = "com.apple.product-type.application";
		};
		CBC010772A9F8A9F00DA9CC8 /* TMDBTests */ = {
			isa = PBXNativeTarget;
			buildConfigurationList = CBC0108F2A9F8A9F00DA9CC8 /* Build configuration list for PBXNativeTarget "TMDBTests" */;
			buildPhases = (
				CBC010742A9F8A9F00DA9CC8 /* Sources */,
				CBC010752A9F8A9F00DA9CC8 /* Frameworks */,
				CBC010762A9F8A9F00DA9CC8 /* Resources */,
			);
			buildRules = (
			);
			dependencies = (
				CBC0107A2A9F8A9F00DA9CC8 /* PBXTargetDependency */,
			);
			name = TMDBTests;
			productName = TMDBTests;
			productReference = CBC010782A9F8A9F00DA9CC8 /* TMDBTests.xctest */;
			productType = "com.apple.product-type.bundle.unit-test";
		};
		CBC010812A9F8A9F00DA9CC8 /* TMDBUITests */ = {
			isa = PBXNativeTarget;
			buildConfigurationList = CBC010922A9F8A9F00DA9CC8 /* Build configuration list for PBXNativeTarget "TMDBUITests" */;
			buildPhases = (
				CBC0107E2A9F8A9F00DA9CC8 /* Sources */,
				CBC0107F2A9F8A9F00DA9CC8 /* Frameworks */,
				CBC010802A9F8A9F00DA9CC8 /* Resources */,
			);
			buildRules = (
			);
			dependencies = (
				CBC010842A9F8A9F00DA9CC8 /* PBXTargetDependency */,
			);
			name = TMDBUITests;
			productName = TMDBUITests;
			productReference = CBC010822A9F8A9F00DA9CC8 /* TMDBUITests.xctest */;
			productType = "com.apple.product-type.bundle.ui-testing";
		};
/* End PBXNativeTarget section */

/* Begin PBXProject section */
		CBC0105A2A9F8A9B00DA9CC8 /* Project object */ = {
			isa = PBXProject;
			attributes = {
				BuildIndependentTargetsInParallel = 1;
				LastSwiftUpdateCheck = 1430;
				LastUpgradeCheck = 1430;
				TargetAttributes = {
					CBC010612A9F8A9B00DA9CC8 = {
						CreatedOnToolsVersion = 14.3;
					};
					CBC010772A9F8A9F00DA9CC8 = {
						CreatedOnToolsVersion = 14.3;
						TestTargetID = CBC010612A9F8A9B00DA9CC8;
					};
					CBC010812A9F8A9F00DA9CC8 = {
						CreatedOnToolsVersion = 14.3;
						TestTargetID = CBC010612A9F8A9B00DA9CC8;
					};
				};
			};
			buildConfigurationList = CBC0105D2A9F8A9B00DA9CC8 /* Build configuration list for PBXProject "TMDB" */;
			compatibilityVersion = "Xcode 14.0";
			developmentRegion = en;
			hasScannedForEncodings = 0;
			knownRegions = (
				en,
				Base,
			);
			mainGroup = CBC010592A9F8A9B00DA9CC8;
			productRefGroup = CBC010632A9F8A9B00DA9CC8 /* Products */;
			projectDirPath = "";
			projectRoot = "";
			targets = (
				CBC010612A9F8A9B00DA9CC8 /* TMDB */,
				CBC010772A9F8A9F00DA9CC8 /* TMDBTests */,
				CBC010812A9F8A9F00DA9CC8 /* TMDBUITests */,
			);
		};
/* End PBXProject section */

/* Begin PBXResourcesBuildPhase section */
		CBC010602A9F8A9B00DA9CC8 /* Resources */ = {
			isa = PBXResourcesBuildPhase;
			buildActionMask = 2147483647;
			files = (
				CBC010722A9F8A9E00DA9CC8 /* LaunchScreen.storyboard in Resources */,
				CBC0106F2A9F8A9E00DA9CC8 /* Assets.xcassets in Resources */,
				CBC0106D2A9F8A9C00DA9CC8 /* Main.storyboard in Resources */,
			);
			runOnlyForDeploymentPostprocessing = 0;
		};
		CBC010762A9F8A9F00DA9CC8 /* Resources */ = {
			isa = PBXResourcesBuildPhase;
			buildActionMask = 2147483647;
			files = (
			);
			runOnlyForDeploymentPostprocessing = 0;
		};
		CBC010802A9F8A9F00DA9CC8 /* Resources */ = {
			isa = PBXResourcesBuildPhase;
			buildActionMask = 2147483647;
			files = (
			);
			runOnlyForDeploymentPostprocessing = 0;
		};
/* End PBXResourcesBuildPhase section */

/* Begin PBXSourcesBuildPhase section */
		CBC0105E2A9F8A9B00DA9CC8 /* Sources */ = {
			isa = PBXSourcesBuildPhase;
			buildActionMask = 2147483647;
			files = (
				CB9B90212AA0983B000C7A05 /* UIIMageView+Ext.swift in Sources */,
				CB9B902E2AA0E39D000C7A05 /* MainVC.swift in Sources */,
				CBC0109E2A9F906000DA9CC8 /* Constants.swift in Sources */,
				CBC010662A9F8A9B00DA9CC8 /* AppDelegate.swift in Sources */,
				CB9B90342AA0E3D6000C7A05 /* DetailVM.swift in Sources */,
				CBC010972A9F8DB700DA9CC8 /* ApiService.swift in Sources */,
				CB9B902F2AA0E39D000C7A05 /* MainCell.swift in Sources */,
				CBC0109B2A9F902600DA9CC8 /* ApiUtilities.swift in Sources */,
				CB9B902A2AA0E385000C7A05 /* MainCellVM.swift in Sources */,
				CBC010992A9F8E7800DA9CC8 /* ApiResponseModels.swift in Sources */,
				CB9B902B2AA0E385000C7A05 /* MainVM.swift in Sources */,
				CBC010A12A9F9B4800DA9CC8 /* Dictionary+Ext.swift in Sources */,
				CBC010682A9F8A9C00DA9CC8 /* SceneDelegate.swift in Sources */,
				CB9B90232AA0DF64000C7A05 /* Reachability.swift in Sources */,
				CB9B90322AA0E3CB000C7A05 /* DetailVC.swift in Sources */,
			);
			runOnlyForDeploymentPostprocessing = 0;
		};
		CBC010742A9F8A9F00DA9CC8 /* Sources */ = {
			isa = PBXSourcesBuildPhase;
			buildActionMask = 2147483647;
			files = (
				CBC0107D2A9F8A9F00DA9CC8 /* TMDBTests.swift in Sources */,
			);
			runOnlyForDeploymentPostprocessing = 0;
		};
		CBC0107E2A9F8A9F00DA9CC8 /* Sources */ = {
			isa = PBXSourcesBuildPhase;
			buildActionMask = 2147483647;
			files = (
				CBC010872A9F8A9F00DA9CC8 /* TMDBUITests.swift in Sources */,
				CBC010892A9F8A9F00DA9CC8 /* TMDBUITestsLaunchTests.swift in Sources */,
			);
			runOnlyForDeploymentPostprocessing = 0;
		};
/* End PBXSourcesBuildPhase section */

/* Begin PBXTargetDependency section */
		CBC0107A2A9F8A9F00DA9CC8 /* PBXTargetDependency */ = {
			isa = PBXTargetDependency;
			target = CBC010612A9F8A9B00DA9CC8 /* TMDB */;
			targetProxy = CBC010792A9F8A9F00DA9CC8 /* PBXContainerItemProxy */;
		};
		CBC010842A9F8A9F00DA9CC8 /* PBXTargetDependency */ = {
			isa = PBXTargetDependency;
			target = CBC010612A9F8A9B00DA9CC8 /* TMDB */;
			targetProxy = CBC010832A9F8A9F00DA9CC8 /* PBXContainerItemProxy */;
		};
/* End PBXTargetDependency section */

/* Begin PBXVariantGroup section */
		CBC0106B2A9F8A9C00DA9CC8 /* Main.storyboard */ = {
			isa = PBXVariantGroup;
			children = (
				CBC0106C2A9F8A9C00DA9CC8 /* Base */,
			);
			name = Main.storyboard;
			sourceTree = "<group>";
		};
		CBC010702A9F8A9E00DA9CC8 /* LaunchScreen.storyboard */ = {
			isa = PBXVariantGroup;
			children = (
				CBC010712A9F8A9E00DA9CC8 /* Base */,
			);
			name = LaunchScreen.storyboard;
			sourceTree = "<group>";
		};
/* End PBXVariantGroup section */

/* Begin XCBuildConfiguration section */
		CBC0108A2A9F8A9F00DA9CC8 /* Debug */ = {
			isa = XCBuildConfiguration;
			buildSettings = {
				ALWAYS_SEARCH_USER_PATHS = NO;
				CLANG_ANALYZER_NONNULL = YES;
				CLANG_ANALYZER_NUMBER_OBJECT_CONVERSION = YES_AGGRESSIVE;
				CLANG_CXX_LANGUAGE_STANDARD = "gnu++20";
				CLANG_ENABLE_MODULES = YES;
				CLANG_ENABLE_OBJC_ARC = YES;
				CLANG_ENABLE_OBJC_WEAK = YES;
				CLANG_WARN_BLOCK_CAPTURE_AUTORELEASING = YES;
				CLANG_WARN_BOOL_CONVERSION = YES;
				CLANG_WARN_COMMA = YES;
				CLANG_WARN_CONSTANT_CONVERSION = YES;
				CLANG_WARN_DEPRECATED_OBJC_IMPLEMENTATIONS = YES;
				CLANG_WARN_DIRECT_OBJC_ISA_USAGE = YES_ERROR;
				CLANG_WARN_DOCUMENTATION_COMMENTS = YES;
				CLANG_WARN_EMPTY_BODY = YES;
				CLANG_WARN_ENUM_CONVERSION = YES;
				CLANG_WARN_INFINITE_RECURSION = YES;
				CLANG_WARN_INT_CONVERSION = YES;
				CLANG_WARN_NON_LITERAL_NULL_CONVERSION = YES;
				CLANG_WARN_OBJC_IMPLICIT_RETAIN_SELF = YES;
				CLANG_WARN_OBJC_LITERAL_CONVERSION = YES;
				CLANG_WARN_OBJC_ROOT_CLASS = YES_ERROR;
				CLANG_WARN_QUOTED_INCLUDE_IN_FRAMEWORK_HEADER = YES;
				CLANG_WARN_RANGE_LOOP_ANALYSIS = YES;
				CLANG_WARN_STRICT_PROTOTYPES = YES;
				CLANG_WARN_SUSPICIOUS_MOVE = YES;
				CLANG_WARN_UNGUARDED_AVAILABILITY = YES_AGGRESSIVE;
				CLANG_WARN_UNREACHABLE_CODE = YES;
				CLANG_WARN__DUPLICATE_METHOD_MATCH = YES;
				COPY_PHASE_STRIP = NO;
				DEBUG_INFORMATION_FORMAT = dwarf;
				ENABLE_STRICT_OBJC_MSGSEND = YES;
				ENABLE_TESTABILITY = YES;
				GCC_C_LANGUAGE_STANDARD = gnu11;
				GCC_DYNAMIC_NO_PIC = NO;
				GCC_NO_COMMON_BLOCKS = YES;
				GCC_OPTIMIZATION_LEVEL = 0;
				GCC_PREPROCESSOR_DEFINITIONS = (
					"DEBUG=1",
					"$(inherited)",
				);
				GCC_WARN_64_TO_32_BIT_CONVERSION = YES;
				GCC_WARN_ABOUT_RETURN_TYPE = YES_ERROR;
				GCC_WARN_UNDECLARED_SELECTOR = YES;
				GCC_WARN_UNINITIALIZED_AUTOS = YES_AGGRESSIVE;
				GCC_WARN_UNUSED_FUNCTION = YES;
				GCC_WARN_UNUSED_VARIABLE = YES;
				IPHONEOS_DEPLOYMENT_TARGET = 16.4;
				MTL_ENABLE_DEBUG_INFO = INCLUDE_SOURCE;
				MTL_FAST_MATH = YES;
				ONLY_ACTIVE_ARCH = YES;
				SDKROOT = iphoneos;
				SWIFT_ACTIVE_COMPILATION_CONDITIONS = DEBUG;
				SWIFT_OPTIMIZATION_LEVEL = "-Onone";
			};
			name = Debug;
		};
		CBC0108B2A9F8A9F00DA9CC8 /* Release */ = {
			isa = XCBuildConfiguration;
			buildSettings = {
				ALWAYS_SEARCH_USER_PATHS = NO;
				CLANG_ANALYZER_NONNULL = YES;
				CLANG_ANALYZER_NUMBER_OBJECT_CONVERSION = YES_AGGRESSIVE;
				CLANG_CXX_LANGUAGE_STANDARD = "gnu++20";
				CLANG_ENABLE_MODULES = YES;
				CLANG_ENABLE_OBJC_ARC = YES;
				CLANG_ENABLE_OBJC_WEAK = YES;
				CLANG_WARN_BLOCK_CAPTURE_AUTORELEASING = YES;
				CLANG_WARN_BOOL_CONVERSION = YES;
				CLANG_WARN_COMMA = YES;
				CLANG_WARN_CONSTANT_CONVERSION = YES;
				CLANG_WARN_DEPRECATED_OBJC_IMPLEMENTATIONS = YES;
				CLANG_WARN_DIRECT_OBJC_ISA_USAGE = YES_ERROR;
				CLANG_WARN_DOCUMENTATION_COMMENTS = YES;
				CLANG_WARN_EMPTY_BODY = YES;
				CLANG_WARN_ENUM_CONVERSION = YES;
				CLANG_WARN_INFINITE_RECURSION = YES;
				CLANG_WARN_INT_CONVERSION = YES;
				CLANG_WARN_NON_LITERAL_NULL_CONVERSION = YES;
				CLANG_WARN_OBJC_IMPLICIT_RETAIN_SELF = YES;
				CLANG_WARN_OBJC_LITERAL_CONVERSION = YES;
				CLANG_WARN_OBJC_ROOT_CLASS = YES_ERROR;
				CLANG_WARN_QUOTED_INCLUDE_IN_FRAMEWORK_HEADER = YES;
				CLANG_WARN_RANGE_LOOP_ANALYSIS = YES;
				CLANG_WARN_STRICT_PROTOTYPES = YES;
				CLANG_WARN_SUSPICIOUS_MOVE = YES;
				CLANG_WARN_UNGUARDED_AVAILABILITY = YES_AGGRESSIVE;
				CLANG_WARN_UNREACHABLE_CODE = YES;
				CLANG_WARN__DUPLICATE_METHOD_MATCH = YES;
				COPY_PHASE_STRIP = NO;
				DEBUG_INFORMATION_FORMAT = "dwarf-with-dsym";
				ENABLE_NS_ASSERTIONS = NO;
				ENABLE_STRICT_OBJC_MSGSEND = YES;
				GCC_C_LANGUAGE_STANDARD = gnu11;
				GCC_NO_COMMON_BLOCKS = YES;
				GCC_WARN_64_TO_32_BIT_CONVERSION = YES;
				GCC_WARN_ABOUT_RETURN_TYPE = YES_ERROR;
				GCC_WARN_UNDECLARED_SELECTOR = YES;
				GCC_WARN_UNINITIALIZED_AUTOS = YES_AGGRESSIVE;
				GCC_WARN_UNUSED_FUNCTION = YES;
				GCC_WARN_UNUSED_VARIABLE = YES;
				IPHONEOS_DEPLOYMENT_TARGET = 16.4;
				MTL_ENABLE_DEBUG_INFO = NO;
				MTL_FAST_MATH = YES;
				SDKROOT = iphoneos;
				SWIFT_COMPILATION_MODE = wholemodule;
				SWIFT_OPTIMIZATION_LEVEL = "-O";
				VALIDATE_PRODUCT = YES;
			};
			name = Release;
		};
		CBC0108D2A9F8A9F00DA9CC8 /* Debug */ = {
			isa = XCBuildConfiguration;
			buildSettings = {
				ASSETCATALOG_COMPILER_APPICON_NAME = AppIcon;
				ASSETCATALOG_COMPILER_GLOBAL_ACCENT_COLOR_NAME = AccentColor;
				CODE_SIGN_STYLE = Automatic;
				CURRENT_PROJECT_VERSION = 1;
				DEVELOPMENT_TEAM = 79U3PBMF6X;
				GENERATE_INFOPLIST_FILE = YES;
				INFOPLIST_FILE = TMDB/Info.plist;
				INFOPLIST_KEY_UIApplicationSupportsIndirectInputEvents = YES;
				INFOPLIST_KEY_UILaunchStoryboardName = LaunchScreen;
				INFOPLIST_KEY_UIMainStoryboardFile = Main;
				INFOPLIST_KEY_UISupportedInterfaceOrientations_iPad = "UIInterfaceOrientationPortrait UIInterfaceOrientationPortraitUpsideDown UIInterfaceOrientationLandscapeLeft UIInterfaceOrientationLandscapeRight";
				INFOPLIST_KEY_UISupportedInterfaceOrientations_iPhone = "UIInterfaceOrientationPortrait UIInterfaceOrientationLandscapeLeft UIInterfaceOrientationLandscapeRight";
				LD_RUNPATH_SEARCH_PATHS = (
					"$(inherited)",
					"@executable_path/Frameworks",
				);
				MARKETING_VERSION = 1.0;
				PRODUCT_BUNDLE_IDENTIFIER = com.tmdb.ios.TMDB;
				PRODUCT_NAME = "$(TARGET_NAME)";
				SWIFT_EMIT_LOC_STRINGS = YES;
				SWIFT_VERSION = 5.0;
				TARGETED_DEVICE_FAMILY = "1,2";
			};
			name = Debug;
		};
		CBC0108E2A9F8A9F00DA9CC8 /* Release */ = {
			isa = XCBuildConfiguration;
			buildSettings = {
				ASSETCATALOG_COMPILER_APPICON_NAME = AppIcon;
				ASSETCATALOG_COMPILER_GLOBAL_ACCENT_COLOR_NAME = AccentColor;
				CODE_SIGN_STYLE = Automatic;
				CURRENT_PROJECT_VERSION = 1;
				DEVELOPMENT_TEAM = 79U3PBMF6X;
				GENERATE_INFOPLIST_FILE = YES;
				INFOPLIST_FILE = TMDB/Info.plist;
				INFOPLIST_KEY_UIApplicationSupportsIndirectInputEvents = YES;
				INFOPLIST_KEY_UILaunchStoryboardName = LaunchScreen;
				INFOPLIST_KEY_UIMainStoryboardFile = Main;
				INFOPLIST_KEY_UISupportedInterfaceOrientations_iPad = "UIInterfaceOrientationPortrait UIInterfaceOrientationPortraitUpsideDown UIInterfaceOrientationLandscapeLeft UIInterfaceOrientationLandscapeRight";
				INFOPLIST_KEY_UISupportedInterfaceOrientations_iPhone = "UIInterfaceOrientationPortrait UIInterfaceOrientationLandscapeLeft UIInterfaceOrientationLandscapeRight";
				LD_RUNPATH_SEARCH_PATHS = (
					"$(inherited)",
					"@executable_path/Frameworks",
				);
				MARKETING_VERSION = 1.0;
				PRODUCT_BUNDLE_IDENTIFIER = com.tmdb.ios.TMDB;
				PRODUCT_NAME = "$(TARGET_NAME)";
				SWIFT_EMIT_LOC_STRINGS = YES;
				SWIFT_VERSION = 5.0;
				TARGETED_DEVICE_FAMILY = "1,2";
			};
			name = Release;
		};
		CBC010902A9F8A9F00DA9CC8 /* Debug */ = {
			isa = XCBuildConfiguration;
			buildSettings = {
				ALWAYS_EMBED_SWIFT_STANDARD_LIBRARIES = YES;
				BUNDLE_LOADER = "$(TEST_HOST)";
				CODE_SIGN_STYLE = Automatic;
				CURRENT_PROJECT_VERSION = 1;
				DEVELOPMENT_TEAM = 79U3PBMF6X;
				GENERATE_INFOPLIST_FILE = YES;
				IPHONEOS_DEPLOYMENT_TARGET = 16.4;
				MARKETING_VERSION = 1.0;
				PRODUCT_BUNDLE_IDENTIFIER = com.tmdb.ios.TMDBTests;
				PRODUCT_NAME = "$(TARGET_NAME)";
				SWIFT_EMIT_LOC_STRINGS = NO;
				SWIFT_VERSION = 5.0;
				TARGETED_DEVICE_FAMILY = "1,2";
				TEST_HOST = "$(BUILT_PRODUCTS_DIR)/TMDB.app/$(BUNDLE_EXECUTABLE_FOLDER_PATH)/TMDB";
			};
			name = Debug;
		};
		CBC010912A9F8A9F00DA9CC8 /* Release */ = {
			isa = XCBuildConfiguration;
			buildSettings = {
				ALWAYS_EMBED_SWIFT_STANDARD_LIBRARIES = YES;
				BUNDLE_LOADER = "$(TEST_HOST)";
				CODE_SIGN_STYLE = Automatic;
				CURRENT_PROJECT_VERSION = 1;
				DEVELOPMENT_TEAM = 79U3PBMF6X;
				GENERATE_INFOPLIST_FILE = YES;
				IPHONEOS_DEPLOYMENT_TARGET = 16.4;
				MARKETING_VERSION = 1.0;
				PRODUCT_BUNDLE_IDENTIFIER = com.tmdb.ios.TMDBTests;
				PRODUCT_NAME = "$(TARGET_NAME)";
				SWIFT_EMIT_LOC_STRINGS = NO;
				SWIFT_VERSION = 5.0;
				TARGETED_DEVICE_FAMILY = "1,2";
				TEST_HOST = "$(BUILT_PRODUCTS_DIR)/TMDB.app/$(BUNDLE_EXECUTABLE_FOLDER_PATH)/TMDB";
			};
			name = Release;
		};
		CBC010932A9F8A9F00DA9CC8 /* Debug */ = {
			isa = XCBuildConfiguration;
			buildSettings = {
				ALWAYS_EMBED_SWIFT_STANDARD_LIBRARIES = YES;
				CODE_SIGN_STYLE = Automatic;
				CURRENT_PROJECT_VERSION = 1;
				DEVELOPMENT_TEAM = 79U3PBMF6X;
				GENERATE_INFOPLIST_FILE = YES;
				MARKETING_VERSION = 1.0;
				PRODUCT_BUNDLE_IDENTIFIER = com.tmdb.ios.TMDBUITests;
				PRODUCT_NAME = "$(TARGET_NAME)";
				SWIFT_EMIT_LOC_STRINGS = NO;
				SWIFT_VERSION = 5.0;
				TARGETED_DEVICE_FAMILY = "1,2";
				TEST_TARGET_NAME = TMDB;
			};
			name = Debug;
		};
		CBC010942A9F8A9F00DA9CC8 /* Release */ = {
			isa = XCBuildConfiguration;
			buildSettings = {
				ALWAYS_EMBED_SWIFT_STANDARD_LIBRARIES = YES;
				CODE_SIGN_STYLE = Automatic;
				CURRENT_PROJECT_VERSION = 1;
				DEVELOPMENT_TEAM = 79U3PBMF6X;
				GENERATE_INFOPLIST_FILE = YES;
				MARKETING_VERSION = 1.0;
				PRODUCT_BUNDLE_IDENTIFIER = com.tmdb.ios.TMDBUITests;
				PRODUCT_NAME = "$(TARGET_NAME)";
				SWIFT_EMIT_LOC_STRINGS = NO;
				SWIFT_VERSION = 5.0;
				TARGETED_DEVICE_FAMILY = "1,2";
				TEST_TARGET_NAME = TMDB;
			};
			name = Release;
		};
/* End XCBuildConfiguration section */

/* Begin XCConfigurationList section */
		CBC0105D2A9F8A9B00DA9CC8 /* Build configuration list for PBXProject "TMDB" */ = {
			isa = XCConfigurationList;
			buildConfigurations = (
				CBC0108A2A9F8A9F00DA9CC8 /* Debug */,
				CBC0108B2A9F8A9F00DA9CC8 /* Release */,
			);
			defaultConfigurationIsVisible = 0;
			defaultConfigurationName = Release;
		};
		CBC0108C2A9F8A9F00DA9CC8 /* Build configuration list for PBXNativeTarget "TMDB" */ = {
			isa = XCConfigurationList;
			buildConfigurations = (
				CBC0108D2A9F8A9F00DA9CC8 /* Debug */,
				CBC0108E2A9F8A9F00DA9CC8 /* Release */,
			);
			defaultConfigurationIsVisible = 0;
			defaultConfigurationName = Release;
		};
		CBC0108F2A9F8A9F00DA9CC8 /* Build configuration list for PBXNativeTarget "TMDBTests" */ = {
			isa = XCConfigurationList;
			buildConfigurations = (
				CBC010902A9F8A9F00DA9CC8 /* Debug */,
				CBC010912A9F8A9F00DA9CC8 /* Release */,
			);
			defaultConfigurationIsVisible = 0;
			defaultConfigurationName = Release;
		};
		CBC010922A9F8A9F00DA9CC8 /* Build configuration list for PBXNativeTarget "TMDBUITests" */ = {
			isa = XCConfigurationList;
			buildConfigurations = (
				CBC010932A9F8A9F00DA9CC8 /* Debug */,
				CBC010942A9F8A9F00DA9CC8 /* Release */,
			);
			defaultConfigurationIsVisible = 0;
			defaultConfigurationName = Release;
		};
/* End XCConfigurationList section */
	};
	rootObject = CBC0105A2A9F8A9B00DA9CC8 /* Project object */;
}
